// !$*UTF8*$!
{
	archiveVersion = 1;
	classes = {
	};
	objectVersion = 50;
	objects = {

/* Begin PBXBuildFile section */
		6B852DB8231F9CD6009903C0 /* AppDelegate.swift in Sources */ = {isa = PBXBuildFile; fileRef = 6B852DB7231F9CD6009903C0 /* AppDelegate.swift */; };
		6B852DBA231F9CD7009903C0 /* ViewController.swift in Sources */ = {isa = PBXBuildFile; fileRef = 6B852DB9231F9CD7009903C0 /* ViewController.swift */; };
		6B852DBD231F9CD7009903C0 /* Main.storyboard in Resources */ = {isa = PBXBuildFile; fileRef = 6B852DBB231F9CD7009903C0 /* Main.storyboard */; };
		6B852DBF231F9D0C009903C0 /* Assets.xcassets in Resources */ = {isa = PBXBuildFile; fileRef = 6B852DBE231F9D0C009903C0 /* Assets.xcassets */; };
		6B852DC2231F9D0C009903C0 /* LaunchScreen.storyboard in Resources */ = {isa = PBXBuildFile; fileRef = 6B852DC0231F9D0C009903C0 /* LaunchScreen.storyboard */; };
		6B852DCD231F9D0E009903C0 /* DHAlbumDemoTests.swift in Sources */ = {isa = PBXBuildFile; fileRef = 6B852DCC231F9D0E009903C0 /* DHAlbumDemoTests.swift */; };
		6B852DD8231F9D0E009903C0 /* DHAlbumDemoUITests.swift in Sources */ = {isa = PBXBuildFile; fileRef = 6B852DD7231F9D0E009903C0 /* DHAlbumDemoUITests.swift */; };
/* End PBXBuildFile section */

/* Begin PBXContainerItemProxy section */
		6B852DC9231F9D0E009903C0 /* PBXContainerItemProxy */ = {
			isa = PBXContainerItemProxy;
			containerPortal = 6B852DAC231F9CD6009903C0 /* Project object */;
			proxyType = 1;
			remoteGlobalIDString = 6B852DB3231F9CD6009903C0;
			remoteInfo = DHAlbumDemo;
		};
		6B852DD4231F9D0E009903C0 /* PBXContainerItemProxy */ = {
			isa = PBXContainerItemProxy;
			containerPortal = 6B852DAC231F9CD6009903C0 /* Project object */;
			proxyType = 1;
			remoteGlobalIDString = 6B852DB3231F9CD6009903C0;
			remoteInfo = DHAlbumDemo;
		};
/* End PBXContainerItemProxy section */

/* Begin PBXFileReference section */
		6B852DB4231F9CD6009903C0 /* DHAlbumDemo.app */ = {isa = PBXFileReference; explicitFileType = wrapper.application; includeInIndex = 0; path = DHAlbumDemo.app; sourceTree = BUILT_PRODUCTS_DIR; };
		6B852DB7231F9CD6009903C0 /* AppDelegate.swift */ = {isa = PBXFileReference; lastKnownFileType = sourcecode.swift; path = AppDelegate.swift; sourceTree = "<group>"; };
		6B852DB9231F9CD7009903C0 /* ViewController.swift */ = {isa = PBXFileReference; lastKnownFileType = sourcecode.swift; path = ViewController.swift; sourceTree = "<group>"; };
		6B852DBC231F9CD7009903C0 /* Base */ = {isa = PBXFileReference; lastKnownFileType = file.storyboard; name = Base; path = Base.lproj/Main.storyboard; sourceTree = "<group>"; };
		6B852DBE231F9D0C009903C0 /* Assets.xcassets */ = {isa = PBXFileReference; lastKnownFileType = folder.assetcatalog; path = Assets.xcassets; sourceTree = "<group>"; };
		6B852DC1231F9D0C009903C0 /* Base */ = {isa = PBXFileReference; lastKnownFileType = file.storyboard; name = Base; path = Base.lproj/LaunchScreen.storyboard; sourceTree = "<group>"; };
		6B852DC3231F9D0C009903C0 /* Info.plist */ = {isa = PBXFileReference; lastKnownFileType = text.plist.xml; path = Info.plist; sourceTree = "<group>"; };
		6B852DC8231F9D0E009903C0 /* DHAlbumDemoTests.xctest */ = {isa = PBXFileReference; explicitFileType = wrapper.cfbundle; includeInIndex = 0; path = DHAlbumDemoTests.xctest; sourceTree = BUILT_PRODUCTS_DIR; };
		6B852DCC231F9D0E009903C0 /* DHAlbumDemoTests.swift */ = {isa = PBXFileReference; lastKnownFileType = sourcecode.swift; path = DHAlbumDemoTests.swift; sourceTree = "<group>"; };
		6B852DCE231F9D0E009903C0 /* Info.plist */ = {isa = PBXFileReference; lastKnownFileType = text.plist.xml; path = Info.plist; sourceTree = "<group>"; };
		6B852DD3231F9D0E009903C0 /* DHAlbumDemoUITests.xctest */ = {isa = PBXFileReference; explicitFileType = wrapper.cfbundle; includeInIndex = 0; path = DHAlbumDemoUITests.xctest; sourceTree = BUILT_PRODUCTS_DIR; };
		6B852DD7231F9D0E009903C0 /* DHAlbumDemoUITests.swift */ = {isa = PBXFileReference; lastKnownFileType = sourcecode.swift; path = DHAlbumDemoUITests.swift; sourceTree = "<group>"; };
		6B852DD9231F9D0E009903C0 /* Info.plist */ = {isa = PBXFileReference; lastKnownFileType = text.plist.xml; path = Info.plist; sourceTree = "<group>"; };
/* End PBXFileReference section */

/* Begin PBXFrameworksBuildPhase section */
		6B852DB1231F9CD6009903C0 /* Frameworks */ = {
			isa = PBXFrameworksBuildPhase;
			buildActionMask = 2147483647;
			files = (
			);
			runOnlyForDeploymentPostprocessing = 0;
		};
		6B852DC5231F9D0E009903C0 /* Frameworks */ = {
			isa = PBXFrameworksBuildPhase;
			buildActionMask = 2147483647;
			files = (
			);
			runOnlyForDeploymentPostprocessing = 0;
		};
		6B852DD0231F9D0E009903C0 /* Frameworks */ = {
			isa = PBXFrameworksBuildPhase;
			buildActionMask = 2147483647;
			files = (
			);
			runOnlyForDeploymentPostprocessing = 0;
		};
/* End PBXFrameworksBuildPhase section */

/* Begin PBXGroup section */
		6B852DAB231F9CD6009903C0 = {
			isa = PBXGroup;
			children = (
				6B852DB6231F9CD6009903C0 /* DHAlbumDemo */,
				6B852DCB231F9D0E009903C0 /* DHAlbumDemoTests */,
				6B852DD6231F9D0E009903C0 /* DHAlbumDemoUITests */,
				6B852DB5231F9CD6009903C0 /* Products */,
			);
			sourceTree = "<group>";
		};
		6B852DB5231F9CD6009903C0 /* Products */ = {
			isa = PBXGroup;
			children = (
				6B852DB4231F9CD6009903C0 /* DHAlbumDemo.app */,
				6B852DC8231F9D0E009903C0 /* DHAlbumDemoTests.xctest */,
				6B852DD3231F9D0E009903C0 /* DHAlbumDemoUITests.xctest */,
			);
			name = Products;
			sourceTree = "<group>";
		};
		6B852DB6231F9CD6009903C0 /* DHAlbumDemo */ = {
			isa = PBXGroup;
			children = (
				6B852DB7231F9CD6009903C0 /* AppDelegate.swift */,
				6B852DB9231F9CD7009903C0 /* ViewController.swift */,
				6B852DBB231F9CD7009903C0 /* Main.storyboard */,
				6B852DBE231F9D0C009903C0 /* Assets.xcassets */,
				6B852DC0231F9D0C009903C0 /* LaunchScreen.storyboard */,
				6B852DC3231F9D0C009903C0 /* Info.plist */,
			);
			path = DHAlbumDemo;
			sourceTree = "<group>";
		};
		6B852DCB231F9D0E009903C0 /* DHAlbumDemoTests */ = {
			isa = PBXGroup;
			children = (
				6B852DCC231F9D0E009903C0 /* DHAlbumDemoTests.swift */,
				6B852DCE231F9D0E009903C0 /* Info.plist */,
			);
			path = DHAlbumDemoTests;
			sourceTree = "<group>";
		};
		6B852DD6231F9D0E009903C0 /* DHAlbumDemoUITests */ = {
			isa = PBXGroup;
			children = (
				6B852DD7231F9D0E009903C0 /* DHAlbumDemoUITests.swift */,
				6B852DD9231F9D0E009903C0 /* Info.plist */,
			);
			path = DHAlbumDemoUITests;
			sourceTree = "<group>";
		};
/* End PBXGroup section */

/* Begin PBXNativeTarget section */
		6B852DB3231F9CD6009903C0 /* DHAlbumDemo */ = {
			isa = PBXNativeTarget;
			buildConfigurationList = 6B852DDC231F9D0E009903C0 /* Build configuration list for PBXNativeTarget "DHAlbumDemo" */;
			buildPhases = (
				6B852DB0231F9CD6009903C0 /* Sources */,
				6B852DB1231F9CD6009903C0 /* Frameworks */,
				6B852DB2231F9CD6009903C0 /* Resources */,
			);
			buildRules = (
			);
			dependencies = (
			);
			name = DHAlbumDemo;
			productName = DHAlbumDemo;
			productReference = 6B852DB4231F9CD6009903C0 /* DHAlbumDemo.app */;
			productType = "com.apple.product-type.application";
		};
		6B852DC7231F9D0E009903C0 /* DHAlbumDemoTests */ = {
			isa = PBXNativeTarget;
			buildConfigurationList = 6B852DDF231F9D0E009903C0 /* Build configuration list for PBXNativeTarget "DHAlbumDemoTests" */;
			buildPhases = (
				6B852DC4231F9D0E009903C0 /* Sources */,
				6B852DC5231F9D0E009903C0 /* Frameworks */,
				6B852DC6231F9D0E009903C0 /* Resources */,
			);
			buildRules = (
			);
			dependencies = (
				6B852DCA231F9D0E009903C0 /* PBXTargetDependency */,
			);
			name = DHAlbumDemoTests;
			productName = DHAlbumDemoTests;
			productReference = 6B852DC8231F9D0E009903C0 /* DHAlbumDemoTests.xctest */;
			productType = "com.apple.product-type.bundle.unit-test";
		};
		6B852DD2231F9D0E009903C0 /* DHAlbumDemoUITests */ = {
			isa = PBXNativeTarget;
			buildConfigurationList = 6B852DE2231F9D0E009903C0 /* Build configuration list for PBXNativeTarget "DHAlbumDemoUITests" */;
			buildPhases = (
				6B852DCF231F9D0E009903C0 /* Sources */,
				6B852DD0231F9D0E009903C0 /* Frameworks */,
				6B852DD1231F9D0E009903C0 /* Resources */,
			);
			buildRules = (
			);
			dependencies = (
				6B852DD5231F9D0E009903C0 /* PBXTargetDependency */,
			);
			name = DHAlbumDemoUITests;
			productName = DHAlbumDemoUITests;
			productReference = 6B852DD3231F9D0E009903C0 /* DHAlbumDemoUITests.xctest */;
			productType = "com.apple.product-type.bundle.ui-testing";
		};
/* End PBXNativeTarget section */

/* Begin PBXProject section */
		6B852DAC231F9CD6009903C0 /* Project object */ = {
			isa = PBXProject;
			attributes = {
				LastSwiftUpdateCheck = 1030;
				LastUpgradeCheck = 1030;
				ORGANIZATIONNAME = CZQ;
				TargetAttributes = {
					6B852DB3231F9CD6009903C0 = {
						CreatedOnToolsVersion = 10.3;
					};
					6B852DC7231F9D0E009903C0 = {
						CreatedOnToolsVersion = 10.3;
						TestTargetID = 6B852DB3231F9CD6009903C0;
					};
					6B852DD2231F9D0E009903C0 = {
						CreatedOnToolsVersion = 10.3;
						TestTargetID = 6B852DB3231F9CD6009903C0;
					};
				};
			};
			buildConfigurationList = 6B852DAF231F9CD6009903C0 /* Build configuration list for PBXProject "DHAlbumDemo" */;
			compatibilityVersion = "Xcode 9.3";
			developmentRegion = en;
			hasScannedForEncodings = 0;
			knownRegions = (
				en,
				Base,
			);
			mainGroup = 6B852DAB231F9CD6009903C0;
			productRefGroup = 6B852DB5231F9CD6009903C0 /* Products */;
			projectDirPath = "";
			projectRoot = "";
			targets = (
				6B852DB3231F9CD6009903C0 /* DHAlbumDemo */,
				6B852DC7231F9D0E009903C0 /* DHAlbumDemoTests */,
				6B852DD2231F9D0E009903C0 /* DHAlbumDemoUITests */,
			);
		};
/* End PBXProject section */

/* Begin PBXResourcesBuildPhase section */
		6B852DB2231F9CD6009903C0 /* Resources */ = {
			isa = PBXResourcesBuildPhase;
			buildActionMask = 2147483647;
			files = (
				6B852DC2231F9D0C009903C0 /* LaunchScreen.storyboard in Resources */,
				6B852DBF231F9D0C009903C0 /* Assets.xcassets in Resources */,
				6B852DBD231F9CD7009903C0 /* Main.storyboard in Resources */,
			);
			runOnlyForDeploymentPostprocessing = 0;
		};
		6B852DC6231F9D0E009903C0 /* Resources */ = {
			isa = PBXResourcesBuildPhase;
			buildActionMask = 2147483647;
			files = (
			);
			runOnlyForDeploymentPostprocessing = 0;
		};
		6B852DD1231F9D0E009903C0 /* Resources */ = {
			isa = PBXResourcesBuildPhase;
			buildActionMask = 2147483647;
			files = (
			);
			runOnlyForDeploymentPostprocessing = 0;
		};
/* End PBXResourcesBuildPhase section */

/* Begin PBXSourcesBuildPhase section */
		6B852DB0231F9CD6009903C0 /* Sources */ = {
			isa = PBXSourcesBuildPhase;
			buildActionMask = 2147483647;
			files = (
				6B852DBA231F9CD7009903C0 /* ViewController.swift in Sources */,
				6B852DB8231F9CD6009903C0 /* AppDelegate.swift in Sources */,
			);
			runOnlyForDeploymentPostprocessing = 0;
		};
		6B852DC4231F9D0E009903C0 /* Sources */ = {
			isa = PBXSourcesBuildPhase;
			buildActionMask = 2147483647;
			files = (
				6B852DCD231F9D0E009903C0 /* DHAlbumDemoTests.swift in Sources */,
			);
			runOnlyForDeploymentPostprocessing = 0;
		};
		6B852DCF231F9D0E009903C0 /* Sources */ = {
			isa = PBXSourcesBuildPhase;
			buildActionMask = 2147483647;
			files = (
				6B852DD8231F9D0E009903C0 /* DHAlbumDemoUITests.swift in Sources */,
			);
			runOnlyForDeploymentPostprocessing = 0;
		};
/* End PBXSourcesBuildPhase section */

/* Begin PBXTargetDependency section */
		6B852DCA231F9D0E009903C0 /* PBXTargetDependency */ = {
			isa = PBXTargetDependency;
			target = 6B852DB3231F9CD6009903C0 /* DHAlbumDemo */;
			targetProxy = 6B852DC9231F9D0E009903C0 /* PBXContainerItemProxy */;
		};
		6B852DD5231F9D0E009903C0 /* PBXTargetDependency */ = {
			isa = PBXTargetDependency;
			target = 6B852DB3231F9CD6009903C0 /* DHAlbumDemo */;
			targetProxy = 6B852DD4231F9D0E009903C0 /* PBXContainerItemProxy */;
		};
/* End PBXTargetDependency section */

/* Begin PBXVariantGroup section */
		6B852DBB231F9CD7009903C0 /* Main.storyboard */ = {
			isa = PBXVariantGroup;
			children = (
				6B852DBC231F9CD7009903C0 /* Base */,
			);
			name = Main.storyboard;
			sourceTree = "<group>";
		};
		6B852DC0231F9D0C009903C0 /* LaunchScreen.storyboard */ = {
			isa = PBXVariantGroup;
			children = (
				6B852DC1231F9D0C009903C0 /* Base */,
			);
			name = LaunchScreen.storyboard;
			sourceTree = "<group>";
		};
/* End PBXVariantGroup section */

/* Begin XCBuildConfiguration section */
		6B852DDA231F9D0E009903C0 /* Debug */ = {
			isa = XCBuildConfiguration;
			buildSettings = {
				ALWAYS_SEARCH_USER_PATHS = NO;
				CLANG_ANALYZER_NONNULL = YES;
				CLANG_ANALYZER_NUMBER_OBJECT_CONVERSION = YES_AGGRESSIVE;
				CLANG_CXX_LANGUAGE_STANDARD = "gnu++14";
				CLANG_CXX_LIBRARY = "libc++";
				CLANG_ENABLE_MODULES = YES;
				CLANG_ENABLE_OBJC_ARC = YES;
				CLANG_ENABLE_OBJC_WEAK = YES;
				CLANG_WARN_BLOCK_CAPTURE_AUTORELEASING = YES;
				CLANG_WARN_BOOL_CONVERSION = YES;
				CLANG_WARN_COMMA = YES;
				CLANG_WARN_CONSTANT_CONVERSION = YES;
				CLANG_WARN_DEPRECATED_OBJC_IMPLEMENTATIONS = YES;
				CLANG_WARN_DIRECT_OBJC_ISA_USAGE = YES_ERROR;
				CLANG_WARN_DOCUMENTATION_COMMENTS = YES;
				CLANG_WARN_EMPTY_BODY = YES;
				CLANG_WARN_ENUM_CONVERSION = YES;
				CLANG_WARN_INFINITE_RECURSION = YES;
				CLANG_WARN_INT_CONVERSION = YES;
				CLANG_WARN_NON_LITERAL_NULL_CONVERSION = YES;
				CLANG_WARN_OBJC_IMPLICIT_RETAIN_SELF = YES;
				CLANG_WARN_OBJC_LITERAL_CONVERSION = YES;
				CLANG_WARN_OBJC_ROOT_CLASS = YES_ERROR;
				CLANG_WARN_RANGE_LOOP_ANALYSIS = YES;
				CLANG_WARN_STRICT_PROTOTYPES = YES;
				CLANG_WARN_SUSPICIOUS_MOVE = YES;
				CLANG_WARN_UNGUARDED_AVAILABILITY = YES_AGGRESSIVE;
				CLANG_WARN_UNREACHABLE_CODE = YES;
				CLANG_WARN__DUPLICATE_METHOD_MATCH = YES;
				CODE_SIGN_IDENTITY = "iPhone Developer";
				COPY_PHASE_STRIP = NO;
				DEBUG_INFORMATION_FORMAT = dwarf;
				ENABLE_STRICT_OBJC_MSGSEND = YES;
				ENABLE_TESTABILITY = YES;
				GCC_C_LANGUAGE_STANDARD = gnu11;
				GCC_DYNAMIC_NO_PIC = NO;
				GCC_NO_COMMON_BLOCKS = YES;
				GCC_OPTIMIZATION_LEVEL = 0;
				GCC_PREPROCESSOR_DEFINITIONS = (
					"DEBUG=1",
					"$(inherited)",
				);
				GCC_WARN_64_TO_32_BIT_CONVERSION = YES;
				GCC_WARN_ABOUT_RETURN_TYPE = YES_ERROR;
				GCC_WARN_UNDECLARED_SELECTOR = YES;
				GCC_WARN_UNINITIALIZED_AUTOS = YES_AGGRESSIVE;
				GCC_WARN_UNUSED_FUNCTION = YES;
				GCC_WARN_UNUSED_VARIABLE = YES;
				IPHONEOS_DEPLOYMENT_TARGET = 12.4;
				MTL_ENABLE_DEBUG_INFO = INCLUDE_SOURCE;
				MTL_FAST_MATH = YES;
				ONLY_ACTIVE_ARCH = YES;
				SDKROOT = iphoneos;
				SWIFT_ACTIVE_COMPILATION_CONDITIONS = DEBUG;
				SWIFT_OPTIMIZATION_LEVEL = "-Onone";
			};
			name = Debug;
		};
		6B852DDB231F9D0E009903C0 /* Release */ = {
			isa = XCBuildConfiguration;
			buildSettings = {
				ALWAYS_SEARCH_USER_PATHS = NO;
				CLANG_ANALYZER_NONNULL = YES;
				CLANG_ANALYZER_NUMBER_OBJECT_CONVERSION = YES_AGGRESSIVE;
				CLANG_CXX_LANGUAGE_STANDARD = "gnu++14";
				CLANG_CXX_LIBRARY = "libc++";
				CLANG_ENABLE_MODULES = YES;
				CLANG_ENABLE_OBJC_ARC = YES;
				CLANG_ENABLE_OBJC_WEAK = YES;
				CLANG_WARN_BLOCK_CAPTURE_AUTORELEASING = YES;
				CLANG_WARN_BOOL_CONVERSION = YES;
				CLANG_WARN_COMMA = YES;
				CLANG_WARN_CONSTANT_CONVERSION = YES;
				CLANG_WARN_DEPRECATED_OBJC_IMPLEMENTATIONS = YES;
				CLANG_WARN_DIRECT_OBJC_ISA_USAGE = YES_ERROR;
				CLANG_WARN_DOCUMENTATION_COMMENTS = YES;
				CLANG_WARN_EMPTY_BODY = YES;
				CLANG_WARN_ENUM_CONVERSION = YES;
				CLANG_WARN_INFINITE_RECURSION = YES;
				CLANG_WARN_INT_CONVERSION = YES;
				CLANG_WARN_NON_LITERAL_NULL_CONVERSION = YES;
				CLANG_WARN_OBJC_IMPLICIT_RETAIN_SELF = YES;
				CLANG_WARN_OBJC_LITERAL_CONVERSION = YES;
				CLANG_WARN_OBJC_ROOT_CLASS = YES_ERROR;
				CLANG_WARN_RANGE_LOOP_ANALYSIS = YES;
				CLANG_WARN_STRICT_PROTOTYPES = YES;
				CLANG_WARN_SUSPICIOUS_MOVE = YES;
				CLANG_WARN_UNGUARDED_AVAILABILITY = YES_AGGRESSIVE;
				CLANG_WARN_UNREACHABLE_CODE = YES;
				CLANG_WARN__DUPLICATE_METHOD_MATCH = YES;
				CODE_SIGN_IDENTITY = "iPhone Developer";
				COPY_PHASE_STRIP = NO;
				DEBUG_INFORMATION_FORMAT = "dwarf-with-dsym";
				ENABLE_NS_ASSERTIONS = NO;
				ENABLE_STRICT_OBJC_MSGSEND = YES;
				GCC_C_LANGUAGE_STANDARD = gnu11;
				GCC_NO_COMMON_BLOCKS = YES;
				GCC_WARN_64_TO_32_BIT_CONVERSION = YES;
				GCC_WARN_ABOUT_RETURN_TYPE = YES_ERROR;
				GCC_WARN_UNDECLARED_SELECTOR = YES;
				GCC_WARN_UNINITIALIZED_AUTOS = YES_AGGRESSIVE;
				GCC_WARN_UNUSED_FUNCTION = YES;
				GCC_WARN_UNUSED_VARIABLE = YES;
				IPHONEOS_DEPLOYMENT_TARGET = 12.4;
				MTL_ENABLE_DEBUG_INFO = NO;
				MTL_FAST_MATH = YES;
				SDKROOT = iphoneos;
				SWIFT_COMPILATION_MODE = wholemodule;
				SWIFT_OPTIMIZATION_LEVEL = "-O";
				VALIDATE_PRODUCT = YES;
			};
			name = Release;
		};
		6B852DDD231F9D0E009903C0 /* Debug */ = {
			isa = XCBuildConfiguration;
			buildSettings = {
				ASSETCATALOG_COMPILER_APPICON_NAME = AppIcon;
				CODE_SIGN_STYLE = Automatic;
				INFOPLIST_FILE = DHAlbumDemo/Info.plist;
				LD_RUNPATH_SEARCH_PATHS = (
					"$(inherited)",
					"@executable_path/Frameworks",
				);
				PRODUCT_BUNDLE_IDENTIFIER = CZQ.DHAlbumDemo;
				PRODUCT_NAME = "$(TARGET_NAME)";
				SWIFT_VERSION = 5.0;
				TARGETED_DEVICE_FAMILY = "1,2";
			};
			name = Debug;
		};
		6B852DDE231F9D0E009903C0 /* Release */ = {
			isa = XCBuildConfiguration;
			buildSettings = {
				ASSETCATALOG_COMPILER_APPICON_NAME = AppIcon;
				CODE_SIGN_STYLE = Automatic;
				INFOPLIST_FILE = DHAlbumDemo/Info.plist;
				LD_RUNPATH_SEARCH_PATHS = (
					"$(inherited)",
					"@executable_path/Frameworks",
				);
				PRODUCT_BUNDLE_IDENTIFIER = CZQ.DHAlbumDemo;
				PRODUCT_NAME = "$(TARGET_NAME)";
				SWIFT_VERSION = 5.0;
				TARGETED_DEVICE_FAMILY = "1,2";
			};
			name = Release;
		};
		6B852DE0231F9D0E009903C0 /* Debug */ = {
			isa = XCBuildConfiguration;
			buildSettings = {
				ALWAYS_EMBED_SWIFT_STANDARD_LIBRARIES = YES;
				BUNDLE_LOADER = "$(TEST_HOST)";
				CODE_SIGN_STYLE = Automatic;
				INFOPLIST_FILE = DHAlbumDemoTests/Info.plist;
				LD_RUNPATH_SEARCH_PATHS = (
					"$(inherited)",
					"@executable_path/Frameworks",
					"@loader_path/Frameworks",
				);
				PRODUCT_BUNDLE_IDENTIFIER = CZQ.DHAlbumDemoTests;
				PRODUCT_NAME = "$(TARGET_NAME)";
				SWIFT_VERSION = 5.0;
				TARGETED_DEVICE_FAMILY = "1,2";
				TEST_HOST = "$(BUILT_PRODUCTS_DIR)/DHAlbumDemo.app/DHAlbumDemo";
			};
			name = Debug;
		};
		6B852DE1231F9D0E009903C0 /* Release */ = {
			isa = XCBuildConfiguration;
			buildSettings = {
				ALWAYS_EMBED_SWIFT_STANDARD_LIBRARIES = YES;
				BUNDLE_LOADER = "$(TEST_HOST)";
				CODE_SIGN_STYLE = Automatic;
				INFOPLIST_FILE = DHAlbumDemoTests/Info.plist;
				LD_RUNPATH_SEARCH_PATHS = (
					"$(inherited)",
					"@executable_path/Frameworks",
					"@loader_path/Frameworks",
				);
				PRODUCT_BUNDLE_IDENTIFIER = CZQ.DHAlbumDemoTests;
				PRODUCT_NAME = "$(TARGET_NAME)";
				SWIFT_VERSION = 5.0;
				TARGETED_DEVICE_FAMILY = "1,2";
				TEST_HOST = "$(BUILT_PRODUCTS_DIR)/DHAlbumDemo.app/DHAlbumDemo";
			};
			name = Release;
		};
		6B852DE3231F9D0E009903C0 /* Debug */ = {
			isa = XCBuildConfiguration;
			buildSettings = {
				ALWAYS_EMBED_SWIFT_STANDARD_LIBRARIES = YES;
				CODE_SIGN_STYLE = Automatic;
				INFOPLIST_FILE = DHAlbumDemoUITests/Info.plist;
				LD_RUNPATH_SEARCH_PATHS = (
					"$(inherited)",
					"@executable_path/Frameworks",
					"@loader_path/Frameworks",
				);
				PRODUCT_BUNDLE_IDENTIFIER = CZQ.DHAlbumDemoUITests;
				PRODUCT_NAME = "$(TARGET_NAME)";
				SWIFT_VERSION = 5.0;
				TARGETED_DEVICE_FAMILY = "1,2";
				TEST_TARGET_NAME = DHAlbumDemo;
			};
			name = Debug;
		};
		6B852DE4231F9D0E009903C0 /* Release */ = {
			isa = XCBuildConfiguration;
			buildSettings = {
				ALWAYS_EMBED_SWIFT_STANDARD_LIBRARIES = YES;
				CODE_SIGN_STYLE = Automatic;
				INFOPLIST_FILE = DHAlbumDemoUITests/Info.plist;
				LD_RUNPATH_SEARCH_PATHS = (
					"$(inherited)",
					"@executable_path/Frameworks",
					"@loader_path/Frameworks",
				);
				PRODUCT_BUNDLE_IDENTIFIER = CZQ.DHAlbumDemoUITests;
				PRODUCT_NAME = "$(TARGET_NAME)";
				SWIFT_VERSION = 5.0;
				TARGETED_DEVICE_FAMILY = "1,2";
				TEST_TARGET_NAME = DHAlbumDemo;
			};
			name = Release;
		};
/* End XCBuildConfiguration section */

/* Begin XCConfigurationList section */
		6B852DAF231F9CD6009903C0 /* Build configuration list for PBXProject "DHAlbumDemo" */ = {
			isa = XCConfigurationList;
			buildConfigurations = (
				6B852DDA231F9D0E009903C0 /* Debug */,
				6B852DDB231F9D0E009903C0 /* Release */,
			);
			defaultConfigurationIsVisible = 0;
			defaultConfigurationName = Release;
		};
		6B852DDC231F9D0E009903C0 /* Build configuration list for PBXNativeTarget "DHAlbumDemo" */ = {
			isa = XCConfigurationList;
			buildConfigurations = (
				6B852DDD231F9D0E009903C0 /* Debug */,
				6B852DDE231F9D0E009903C0 /* Release */,
			);
			defaultConfigurationIsVisible = 0;
			defaultConfigurationName = Release;
		};
		6B852DDF231F9D0E009903C0 /* Build configuration list for PBXNativeTarget "DHAlbumDemoTests" */ = {
			isa = XCConfigurationList;
			buildConfigurations = (
				6B852DE0231F9D0E009903C0 /* Debug */,
				6B852DE1231F9D0E009903C0 /* Release */,
			);
			defaultConfigurationIsVisible = 0;
			defaultConfigurationName = Release;
		};
		6B852DE2231F9D0E009903C0 /* Build configuration list for PBXNativeTarget "DHAlbumDemoUITests" */ = {
			isa = XCConfigurationList;
			buildConfigurations = (
				6B852DE3231F9D0E009903C0 /* Debug */,
				6B852DE4231F9D0E009903C0 /* Release */,
			);
			defaultConfigurationIsVisible = 0;
			defaultConfigurationName = Release;
		};
/* End XCConfigurationList section */
	};
	rootObject = 6B852DAC231F9CD6009903C0 /* Project object */;
}
